// !$*UTF8*$!
{
	archiveVersion = 1;
	classes = {
	};
	objectVersion = 46;
	objects = {

/* Begin PBXBuildFile section */
		269817301A2E528A00118220 /* main.m in Sources */ = {isa = PBXBuildFile; fileRef = 2698172F1A2E528A00118220 /* main.m */; };
		269817371A2E538600118220 /* libreadline.dylib in Frameworks */ = {isa = PBXBuildFile; fileRef = 269817361A2E538600118220 /* libreadline.dylib */; };
/* End PBXBuildFile section */

/* Begin PBXCopyFilesBuildPhase section */
		2698172A1A2E528A00118220 /* CopyFiles */ = {
			isa = PBXCopyFilesBuildPhase;
			buildActionMask = 2147483647;
			dstPath = /usr/share/man/man1/;
			dstSubfolderSpec = 0;
			files = (
			);
			runOnlyForDeploymentPostprocessing = 1;
		};
/* End PBXCopyFilesBuildPhase section */

/* Begin PBXFileReference section */
		2698172C1A2E528A00118220 /* chpt16-challenge2 */ = {isa = PBXFileReference; explicitFileType = "compiled.mach-o.executable"; includeInIndex = 0; path = "chpt16-challenge2"; sourceTree = BUILT_PRODUCTS_DIR; };
		2698172F1A2E528A00118220 /* main.m */ = {isa = PBXFileReference; lastKnownFileType = sourcecode.c.objc; path = main.m; sourceTree = "<group>"; };
		269817361A2E538600118220 /* libreadline.dylib */ = {isa = PBXFileReference; lastKnownFileType = "compiled.mach-o.dylib"; name = libreadline.dylib; path = usr/lib/libreadline.dylib; sourceTree = SDKROOT; };
/* End PBXFileReference section */

/* Begin PBXFrameworksBuildPhase section */
		269817291A2E528A00118220 /* Frameworks */ = {
			isa = PBXFrameworksBuildPhase;
			buildActionMask = 2147483647;
			files = (
				269817371A2E538600118220 /* libreadline.dylib in Frameworks */,
			);
			runOnlyForDeploymentPostprocessing = 0;
		};
/* End PBXFrameworksBuildPhase section */

/* Begin PBXGroup section */
		269817231A2E528A00118220 = {
			isa = PBXGroup;
			children = (
				269817361A2E538600118220 /* libreadline.dylib */,
				2698172E1A2E528A00118220 /* chpt16-challenge2 */,
				2698172D1A2E528A00118220 /* Products */,
			);
			sourceTree = "<group>";
		};
		2698172D1A2E528A00118220 /* Products */ = {
			isa = PBXGroup;
			children = (
				2698172C1A2E528A00118220 /* chpt16-challenge2 */,
			);
			name = Products;
			sourceTree = "<group>";
		};
		2698172E1A2E528A00118220 /* chpt16-challenge2 */ = {
			isa = PBXGroup;
			children = (
				2698172F1A2E528A00118220 /* main.m */,
			);
			name = "chpt16-challenge2";
			path = "chpt15-challenge2";
			sourceTree = "<group>";
		};
/* End PBXGroup section */

/* Begin PBXNativeTarget section */
		2698172B1A2E528A00118220 /* chpt16-challenge2 */ = {
			isa = PBXNativeTarget;
			buildConfigurationList = 269817331A2E528A00118220 /* Build configuration list for PBXNativeTarget "chpt16-challenge2" */;
			buildPhases = (
				269817281A2E528A00118220 /* Sources */,
				269817291A2E528A00118220 /* Frameworks */,
				2698172A1A2E528A00118220 /* CopyFiles */,
			);
			buildRules = (
			);
			dependencies = (
			);
			name = "chpt16-challenge2";
			productName = "chpt15-challenge2";
			productReference = 2698172C1A2E528A00118220 /* chpt16-challenge2 */;
			productType = "com.apple.product-type.tool";
		};
/* End PBXNativeTarget section */

/* Begin PBXProject section */
		269817241A2E528A00118220 /* Project object */ = {
			isa = PBXProject;
			attributes = {
				LastUpgradeCheck = 0610;
				ORGANIZATIONNAME = "Bid Nerd Ranch";
				TargetAttributes = {
					2698172B1A2E528A00118220 = {
						CreatedOnToolsVersion = 6.1;
					};
				};
			};
			buildConfigurationList = 269817271A2E528A00118220 /* Build configuration list for PBXProject "chpt16-challenge2" */;
			compatibilityVersion = "Xcode 3.2";
			developmentRegion = English;
			hasScannedForEncodings = 0;
			knownRegions = (
				en,
			);
			mainGroup = 269817231A2E528A00118220;
			productRefGroup = 2698172D1A2E528A00118220 /* Products */;
			projectDirPath = "";
			projectRoot = "";
			targets = (
				2698172B1A2E528A00118220 /* chpt16-challenge2 */,
			);
		};
/* End PBXProject section */

/* Begin PBXSourcesBuildPhase section */
		269817281A2E528A00118220 /* Sources */ = {
			isa = PBXSourcesBuildPhase;
			buildActionMask = 2147483647;
			files = (
				269817301A2E528A00118220 /* main.m in Sources */,
			);
			runOnlyForDeploymentPostprocessing = 0;
		};
/* End PBXSourcesBuildPhase section */

/* Begin XCBuildConfiguration section */
		269817311A2E528A00118220 /* Debug */ = {
			isa = XCBuildConfiguration;
			buildSettings = {
				ALWAYS_SEARCH_USER_PATHS = NO;
				CLANG_CXX_LANGUAGE_STANDARD = "gnu++0x";
				CLANG_CXX_LIBRARY = "libc++";
				CLANG_ENABLE_MODULES = YES;
				CLANG_ENABLE_OBJC_ARC = YES;
				CLANG_WARN_BOOL_CONVERSION = YES;
				CLANG_WARN_CONSTANT_CONVERSION = YES;
				CLANG_WARN_DIRECT_OBJC_ISA_USAGE = YES_ERROR;
				CLANG_WARN_EMPTY_BODY = YES;
				CLANG_WARN_ENUM_CONVERSION = YES;
				CLANG_WARN_INT_CONVERSION = YES;
				CLANG_WARN_OBJC_ROOT_CLASS = YES_ERROR;
				CLANG_WARN_UNREACHABLE_CODE = YES;
				CLANG_WARN__DUPLICATE_METHOD_MATCH = YES;
				COPY_PHASE_STRIP = NO;
				ENABLE_STRICT_OBJC_MSGSEND = YES;
				GCC_C_LANGUAGE_STANDARD = gnu99;
				GCC_DYNAMIC_NO_PIC = NO;
				GCC_OPTIMIZATION_LEVEL = 0;
				GCC_PREPROCESSOR_DEFINITIONS = (
					"DEBUG=1",
					"$(inherited)",
				);
				GCC_SYMBOLS_PRIVATE_EXTERN = NO;
				GCC_WARN_64_TO_32_BIT_CONVERSION = YES;
				GCC_WARN_ABOUT_RETURN_TYPE = YES_ERROR;
				GCC_WARN_UNDECLARED_SELECTOR = YES;
				GCC_WARN_UNINITIALIZED_AUTOS = YES_AGGRESSIVE;
				GCC_WARN_UNUSED_FUNCTION = YES;
				GCC_WARN_UNUSED_VARIABLE = YES;
				MACOSX_DEPLOYMENT_TARGET = 10.9;
				MTL_ENABLE_DEBUG_INFO = YES;
				ONLY_ACTIVE_ARCH = YES;
				SDKROOT = macosx;
			};
			name = Debug;
		};
		269817321A2E528A00118220 /* Release */ = {
			isa = XCBuildConfiguration;
			buildSettings = {
				ALWAYS_SEARCH_USER_PATHS = NO;
				CLANG_CXX_LANGUAGE_STANDARD = "gnu++0x";
				CLANG_CXX_LIBRARY = "libc++";
				CLANG_ENABLE_MODULES = YES;
				CLANG_ENABLE_OBJC_ARC = YES;
				CLANG_WARN_BOOL_CONVERSION = YES;
				CLANG_WARN_CONSTANT_CONVERSION = YES;
				CLANG_WARN_DIRECT_OBJC_ISA_USAGE = YES_ERROR;
				CLANG_WARN_EMPTY_BODY = YES;
				CLANG_WARN_ENUM_CONVERSION = YES;
				CLANG_WARN_INT_CONVERSION = YES;
				CLANG_WARN_OBJC_ROOT_CLASS = YES_ERROR;
				CLANG_WARN_UNREACHABLE_CODE = YES;
				CLANG_WARN__DUPLICATE_METHOD_MATCH = YES;
				COPY_PHASE_STRIP = YES;
				DEBUG_INFORMATION_FORMAT = "dwarf-with-dsym";
				ENABLE_NS_ASSERTIONS = NO;
				ENABLE_STRICT_OBJC_MSGSEND = YES;
				GCC_C_LANGUAGE_STANDARD = gnu99;
				GCC_WARN_64_TO_32_BIT_CONVERSION = YES;
				GCC_WARN_ABOUT_RETURN_TYPE = YES_ERROR;
				GCC_WARN_UNDECLARED_SELECTOR = YES;
				GCC_WARN_UNINITIALIZED_AUTOS = YES_AGGRESSIVE;
				GCC_WARN_UNUSED_FUNCTION = YES;
				GCC_WARN_UNUSED_VARIABLE = YES;
				MACOSX_DEPLOYMENT_TARGET = 10.9;
				MTL_ENABLE_DEBUG_INFO = NO;
				SDKROOT = macosx;
			};
			name = Release;
		};
		269817341A2E528A00118220 /* Debug */ = {
			isa = XCBuildConfiguration;
			buildSettings = {
				PRODUCT_NAME = "chpt16-challenge2";
			};
			name = Debug;
		};
		269817351A2E528A00118220 /* Release */ = {
			isa = XCBuildConfiguration;
			buildSettings = {
				PRODUCT_NAME = "chpt16-challenge2";
			};
			name = Release;
		};
/* End XCBuildConfiguration section */

/* Begin XCConfigurationList section */
		269817271A2E528A00118220 /* Build configuration list for PBXProject "chpt16-challenge2" */ = {
			isa = XCConfigurationList;
			buildConfigurations = (
				269817311A2E528A00118220 /* Debug */,
				269817321A2E528A00118220 /* Release */,
			);
			defaultConfigurationIsVisible = 0;
			defaultConfigurationName = Release;
		};
		269817331A2E528A00118220 /* Build configuration list for PBXNativeTarget "chpt16-challenge2" */ = {
			isa = XCConfigurationList;
			buildConfigurations = (
				269817341A2E528A00118220 /* Debug */,
				269817351A2E528A00118220 /* Release */,
			);
			defaultConfigurationIsVisible = 0;
			defaultConfigurationName = Release;
		};
/* End XCConfigurationList section */
	};
	rootObject = 269817241A2E528A00118220 /* Project object */;
}
