// !$*UTF8*$!
{
	archiveVersion = 1;
	classes = {
	};
	objectVersion = 46;
	objects = {

/* Begin PBXBuildFile section */
		26ECD5871A2FA899001185C0 /* main.m in Sources */ = {isa = PBXBuildFile; fileRef = 26ECD5861A2FA899001185C0 /* main.m */; };
/* End PBXBuildFile section */

/* Begin PBXCopyFilesBuildPhase section */
		26ECD5811A2FA899001185C0 /* CopyFiles */ = {
			isa = PBXCopyFilesBuildPhase;
			buildActionMask = 2147483647;
			dstPath = /usr/share/man/man1/;
			dstSubfolderSpec = 0;
			files = (
			);
			runOnlyForDeploymentPostprocessing = 1;
		};
/* End PBXCopyFilesBuildPhase section */

/* Begin PBXFileReference section */
		26ECD5831A2FA899001185C0 /* chpt17-challenge1-Groceries */ = {isa = PBXFileReference; explicitFileType = "compiled.mach-o.executable"; includeInIndex = 0; path = "chpt17-challenge1-Groceries"; sourceTree = BUILT_PRODUCTS_DIR; };
		26ECD5861A2FA899001185C0 /* main.m */ = {isa = PBXFileReference; lastKnownFileType = sourcecode.c.objc; path = main.m; sourceTree = "<group>"; };
/* End PBXFileReference section */

/* Begin PBXFrameworksBuildPhase section */
		26ECD5801A2FA899001185C0 /* Frameworks */ = {
			isa = PBXFrameworksBuildPhase;
			buildActionMask = 2147483647;
			files = (
			);
			runOnlyForDeploymentPostprocessing = 0;
		};
/* End PBXFrameworksBuildPhase section */

/* Begin PBXGroup section */
		26ECD57A1A2FA899001185C0 = {
			isa = PBXGroup;
			children = (
				26ECD5851A2FA899001185C0 /* chpt17-challenge1-Groceries */,
				26ECD5841A2FA899001185C0 /* Products */,
			);
			sourceTree = "<group>";
		};
		26ECD5841A2FA899001185C0 /* Products */ = {
			isa = PBXGroup;
			children = (
				26ECD5831A2FA899001185C0 /* chpt17-challenge1-Groceries */,
			);
			name = Products;
			sourceTree = "<group>";
		};
		26ECD5851A2FA899001185C0 /* chpt17-challenge1-Groceries */ = {
			isa = PBXGroup;
			children = (
				26ECD5861A2FA899001185C0 /* main.m */,
			);
			path = "chpt17-challenge1-Groceries";
			sourceTree = "<group>";
		};
/* End PBXGroup section */

/* Begin PBXNativeTarget section */
		26ECD5821A2FA899001185C0 /* chpt17-challenge1-Groceries */ = {
			isa = PBXNativeTarget;
			buildConfigurationList = 26ECD58A1A2FA899001185C0 /* Build configuration list for PBXNativeTarget "chpt17-challenge1-Groceries" */;
			buildPhases = (
				26ECD57F1A2FA899001185C0 /* Sources */,
				26ECD5801A2FA899001185C0 /* Frameworks */,
				26ECD5811A2FA899001185C0 /* CopyFiles */,
			);
			buildRules = (
			);
			dependencies = (
			);
			name = "chpt17-challenge1-Groceries";
			productName = "chpt17-challenge1-Groceries";
			productReference = 26ECD5831A2FA899001185C0 /* chpt17-challenge1-Groceries */;
			productType = "com.apple.product-type.tool";
		};
/* End PBXNativeTarget section */

/* Begin PBXProject section */
		26ECD57B1A2FA899001185C0 /* Project object */ = {
			isa = PBXProject;
			attributes = {
				LastUpgradeCheck = 0610;
				ORGANIZATIONNAME = "Bid Nerd Ranch";
				TargetAttributes = {
					26ECD5821A2FA899001185C0 = {
						CreatedOnToolsVersion = 6.1.1;
					};
				};
			};
			buildConfigurationList = 26ECD57E1A2FA899001185C0 /* Build configuration list for PBXProject "chpt17-challenge1-Groceries" */;
			compatibilityVersion = "Xcode 3.2";
			developmentRegion = English;
			hasScannedForEncodings = 0;
			knownRegions = (
				en,
			);
			mainGroup = 26ECD57A1A2FA899001185C0;
			productRefGroup = 26ECD5841A2FA899001185C0 /* Products */;
			projectDirPath = "";
			projectRoot = "";
			targets = (
				26ECD5821A2FA899001185C0 /* chpt17-challenge1-Groceries */,
			);
		};
/* End PBXProject section */

/* Begin PBXSourcesBuildPhase section */
		26ECD57F1A2FA899001185C0 /* Sources */ = {
			isa = PBXSourcesBuildPhase;
			buildActionMask = 2147483647;
			files = (
				26ECD5871A2FA899001185C0 /* main.m in Sources */,
			);
			runOnlyForDeploymentPostprocessing = 0;
		};
/* End PBXSourcesBuildPhase section */

/* Begin XCBuildConfiguration section */
		26ECD5881A2FA899001185C0 /* Debug */ = {
			isa = XCBuildConfiguration;
			buildSettings = {
				ALWAYS_SEARCH_USER_PATHS = NO;
				CLANG_CXX_LANGUAGE_STANDARD = "gnu++0x";
				CLANG_CXX_LIBRARY = "libc++";
				CLANG_ENABLE_MODULES = YES;
				CLANG_ENABLE_OBJC_ARC = YES;
				CLANG_WARN_BOOL_CONVERSION = YES;
				CLANG_WARN_CONSTANT_CONVERSION = YES;
				CLANG_WARN_DIRECT_OBJC_ISA_USAGE = YES_ERROR;
				CLANG_WARN_EMPTY_BODY = YES;
				CLANG_WARN_ENUM_CONVERSION = YES;
				CLANG_WARN_INT_CONVERSION = YES;
				CLANG_WARN_OBJC_ROOT_CLASS = YES_ERROR;
				CLANG_WARN_UNREACHABLE_CODE = YES;
				CLANG_WARN__DUPLICATE_METHOD_MATCH = YES;
				COPY_PHASE_STRIP = NO;
				ENABLE_STRICT_OBJC_MSGSEND = YES;
				GCC_C_LANGUAGE_STANDARD = gnu99;
				GCC_DYNAMIC_NO_PIC = NO;
				GCC_OPTIMIZATION_LEVEL = 0;
				GCC_PREPROCESSOR_DEFINITIONS = (
					"DEBUG=1",
					"$(inherited)",
				);
				GCC_SYMBOLS_PRIVATE_EXTERN = NO;
				GCC_WARN_64_TO_32_BIT_CONVERSION = YES;
				GCC_WARN_ABOUT_RETURN_TYPE = YES_ERROR;
				GCC_WARN_UNDECLARED_SELECTOR = YES;
				GCC_WARN_UNINITIALIZED_AUTOS = YES_AGGRESSIVE;
				GCC_WARN_UNUSED_FUNCTION = YES;
				GCC_WARN_UNUSED_VARIABLE = YES;
				MACOSX_DEPLOYMENT_TARGET = 10.9;
				MTL_ENABLE_DEBUG_INFO = YES;
				ONLY_ACTIVE_ARCH = YES;
				SDKROOT = macosx;
			};
			name = Debug;
		};
		26ECD5891A2FA899001185C0 /* Release */ = {
			isa = XCBuildConfiguration;
			buildSettings = {
				ALWAYS_SEARCH_USER_PATHS = NO;
				CLANG_CXX_LANGUAGE_STANDARD = "gnu++0x";
				CLANG_CXX_LIBRARY = "libc++";
				CLANG_ENABLE_MODULES = YES;
				CLANG_ENABLE_OBJC_ARC = YES;
				CLANG_WARN_BOOL_CONVERSION = YES;
				CLANG_WARN_CONSTANT_CONVERSION = YES;
				CLANG_WARN_DIRECT_OBJC_ISA_USAGE = YES_ERROR;
				CLANG_WARN_EMPTY_BODY = YES;
				CLANG_WARN_ENUM_CONVERSION = YES;
				CLANG_WARN_INT_CONVERSION = YES;
				CLANG_WARN_OBJC_ROOT_CLASS = YES_ERROR;
				CLANG_WARN_UNREACHABLE_CODE = YES;
				CLANG_WARN__DUPLICATE_METHOD_MATCH = YES;
				COPY_PHASE_STRIP = YES;
				DEBUG_INFORMATION_FORMAT = "dwarf-with-dsym";
				ENABLE_NS_ASSERTIONS = NO;
				ENABLE_STRICT_OBJC_MSGSEND = YES;
				GCC_C_LANGUAGE_STANDARD = gnu99;
				GCC_WARN_64_TO_32_BIT_CONVERSION = YES;
				GCC_WARN_ABOUT_RETURN_TYPE = YES_ERROR;
				GCC_WARN_UNDECLARED_SELECTOR = YES;
				GCC_WARN_UNINITIALIZED_AUTOS = YES_AGGRESSIVE;
				GCC_WARN_UNUSED_FUNCTION = YES;
				GCC_WARN_UNUSED_VARIABLE = YES;
				MACOSX_DEPLOYMENT_TARGET = 10.9;
				MTL_ENABLE_DEBUG_INFO = NO;
				SDKROOT = macosx;
			};
			name = Release;
		};
		26ECD58B1A2FA899001185C0 /* Debug */ = {
			isa = XCBuildConfiguration;
			buildSettings = {
				PRODUCT_NAME = "$(TARGET_NAME)";
			};
			name = Debug;
		};
		26ECD58C1A2FA899001185C0 /* Release */ = {
			isa = XCBuildConfiguration;
			buildSettings = {
				PRODUCT_NAME = "$(TARGET_NAME)";
			};
			name = Release;
		};
/* End XCBuildConfiguration section */

/* Begin XCConfigurationList section */
		26ECD57E1A2FA899001185C0 /* Build configuration list for PBXProject "chpt17-challenge1-Groceries" */ = {
			isa = XCConfigurationList;
			buildConfigurations = (
				26ECD5881A2FA899001185C0 /* Debug */,
				26ECD5891A2FA899001185C0 /* Release */,
			);
			defaultConfigurationIsVisible = 0;
			defaultConfigurationName = Release;
		};
		26ECD58A1A2FA899001185C0 /* Build configuration list for PBXNativeTarget "chpt17-challenge1-Groceries" */ = {
			isa = XCConfigurationList;
			buildConfigurations = (
				26ECD58B1A2FA899001185C0 /* Debug */,
				26ECD58C1A2FA899001185C0 /* Release */,
			);
			defaultConfigurationIsVisible = 0;
		};
/* End XCConfigurationList section */
	};
	rootObject = 26ECD57B1A2FA899001185C0 /* Project object */;
}
